{
  "name": "diff-match-patch-es-delta-inf-loop",
  "lockfileVersion": 3,
  "requires": true,
  "packages": {
    "": {
      "name": "diff-match-patch-es-delta-inf-loop",
      "dependencies": {
        "diff-match-patch-es": "2.0.1"
      }
    },
    "node_modules/diff-match-patch-es": {
      "version": "2.0.1",
      "resolved": "https://registry.npmjs.org/diff-match-patch-es/-/diff-match-patch-es-2.0.1.tgz",
      "integrity": "sha512-+Sl+/H47ArQiKPp8fA307M1RwyCwFqNhggw0mAEFherLNL/J2ZUFZsnELj65Cir91VfVPx3jlNzeKBdr+QAFTw==",
      "license": "Apache-2.0",
      "funding": {
        "url": "https://github.com/sponsors/antfu"
      }
    }
  }
}
