{
  "name": "diff-match-patch-es-proto-edge-case",
  "lockfileVersion": 3,
  "requires": true,
  "packages": {
    "": {
      "name": "diff-match-patch-es-proto-edge-case",
      "dependencies": {
        "diff-match-patch-es": "2.0.0"
      }
    },
    "node_modules/diff-match-patch-es": {
      "version": "2.0.0",
      "resolved": "https://registry.npmjs.org/diff-match-patch-es/-/diff-match-patch-es-2.0.0.tgz",
      "integrity": "sha512-FQfgpCVMF0K7a+TRTKffqVSESFT5jZDnK+Oisjvsn0JXy4eoxgaNgr9/qrbtSat4ovbXYlwA6iDlDiKY7nPsKw==",
      "license": "Apache-2.0",
      "funding": {
        "url": "https://github.com/sponsors/antfu"
      }
    }
  }
}
